
Microsoft Visual Studio Solution File, Format Version 12.00
# Visual Studio Version 17
VisualStudioVersion = 17.6.33815.320
MinimumVisualStudioVersion = 10.0.40219.1
Project("{FAE04EC0-301F-11D3-BF4B-00C04F79EFBC}") = "glazki_ismagilov", "glazki_ismagilov.csproj", "{D44E571E-2D7B-485E-928F-4A11E8D3E167}"
EndProject
Global
	GlobalSection(SolutionConfigurationPlatforms) = preSolution
		Debug|Any CPU = Debug|Any CPU
		Release|Any CPU = Release|Any CPU
	EndGlobalSection
	GlobalSection(ProjectConfigurationPlatforms) = postSolution
		{D44E571E-2D7B-485E-928F-4A11E8D3E167}.Debug|Any CPU.ActiveCfg = Debug|Any CPU
		{D44E571E-2D7B-485E-928F-4A11E8D3E167}.Debug|Any CPU.Build.0 = Debug|Any CPU
		{D44E571E-2D7B-485E-928F-4A11E8D3E167}.Release|Any CPU.ActiveCfg = Release|Any CPU
		{D44E571E-2D7B-485E-928F-4A11E8D3E167}.Release|Any CPU.Build.0 = Release|Any CPU
	EndGlobalSection
	GlobalSection(SolutionProperties) = preSolution
		HideSolutionNode = FALSE
	EndGlobalSection
	GlobalSection(ExtensibilityGlobals) = postSolution
		SolutionGuid = {97A22375-CBF0-484D-B3B9-92E0ABFC987B}
	EndGlobalSection
EndGlobal
